
Microsoft Visual Studio Solution File, Format Version 12.00
# Visual Studio Version 16
VisualStudioVersion = 16.0.29021.104
MinimumVisualStudioVersion = 10.0.40219.1
Project("{FAE04EC0-301F-11D3-BF4B-00C04F79EFBC}") = "BlazorValidation", "BlazorValidation\BlazorValidation.csproj", "{6907218F-536B-41BC-922F-82ECCBB05CCE}"
EndProject
Global
	GlobalSection(SolutionConfigurationPlatforms) = preSolution
		Debug|Any CPU = Debug|Any CPU
		Release|Any CPU = Release|Any CPU
	EndGlobalSection
	GlobalSection(ProjectConfigurationPlatforms) = postSolution
		{6907218F-536B-41BC-922F-82ECCBB05CCE}.Debug|Any CPU.ActiveCfg = Debug|Any CPU
		{6907218F-536B-41BC-922F-82ECCBB05CCE}.Debug|Any CPU.Build.0 = Debug|Any CPU
		{6907218F-536B-41BC-922F-82ECCBB05CCE}.Release|Any CPU.ActiveCfg = Release|Any CPU
		{6907218F-536B-41BC-922F-82ECCBB05CCE}.Release|Any CPU.Build.0 = Release|Any CPU
	EndGlobalSection
	GlobalSection(SolutionProperties) = preSolution
		HideSolutionNode = FALSE
	EndGlobalSection
	GlobalSection(ExtensibilityGlobals) = postSolution
		SolutionGuid = {656834A5-5E3F-43C7-8C22-4E79CE55720F}
	EndGlobalSection
EndGlobal
